
Microsoft Visual Studio Solution File, Format Version 12.00
Project("{2150E333-8FDC-42A3-9474-1A3956D46DE8}") = "BlazoredDreams.Core", "BlazoredDreams.Core", "{4BF99FAD-BE64-4873-A9C8-31B33187D639}"
EndProject
Project("{FAE04EC0-301F-11D3-BF4B-00C04F79EFBC}") = "BlazoredDreams.Domain", "BlazoredDreams.Core\BlazoredDreams.Domain\BlazoredDreams.Domain.csproj", "{0B6D5235-7EE7-47F2-AA6D-73CBC3885ED6}"
EndProject
Project("{FAE04EC0-301F-11D3-BF4B-00C04F79EFBC}") = "BlazoredDreams.Application", "BlazoredDreams.Core\BlazoredDreams.Application\BlazoredDreams.Application.csproj", "{C199B050-4CC0-4B8B-B932-1AE6FFB0B98A}"
EndProject
Project("{2150E333-8FDC-42A3-9474-1A3956D46DE8}") = "BlazoredDreams.Infrastructure", "BlazoredDreams.Infrastructure", "{04CD6467-F880-4F25-BE13-F12E615C5D44}"
EndProject
Project("{FAE04EC0-301F-11D3-BF4B-00C04F79EFBC}") = "BlazoredDreams.Persistence", "BlazoredDreams.Infrastructure\BlazoredDreams.Persistence\BlazoredDreams.Persistence.csproj", "{AE78AEC3-ED0C-4177-80D4-0C8E3A3080FA}"
EndProject
Project("{2150E333-8FDC-42A3-9474-1A3956D46DE8}") = "BlazoredDreams.Presentation", "BlazoredDreams.Presentation", "{21BEC5EA-D16B-465F-BFA9-4E133AC21430}"
EndProject
Project("{2150E333-8FDC-42A3-9474-1A3956D46DE8}") = "BlazoredDreams.Test", "BlazoredDreams.Test", "{C228BCC0-B169-40C9-9C7D-A9B11D1D0F03}"
EndProject
Project("{FAE04EC0-301F-11D3-BF4B-00C04F79EFBC}") = "BlazoredDreams.API", "BlazoredDreams.Presentation\BlazoredDreams.API\BlazoredDreams.API.csproj", "{68CE55C8-ACDC-4837-9C75-FF997EFC51CC}"
EndProject
Global
	GlobalSection(SolutionConfigurationPlatforms) = preSolution
		Debug|Any CPU = Debug|Any CPU
		Release|Any CPU = Release|Any CPU
	EndGlobalSection
	GlobalSection(ProjectConfigurationPlatforms) = postSolution
		{0B6D5235-7EE7-47F2-AA6D-73CBC3885ED6}.Debug|Any CPU.ActiveCfg = Debug|Any CPU
		{0B6D5235-7EE7-47F2-AA6D-73CBC3885ED6}.Debug|Any CPU.Build.0 = Debug|Any CPU
		{0B6D5235-7EE7-47F2-AA6D-73CBC3885ED6}.Release|Any CPU.ActiveCfg = Release|Any CPU
		{0B6D5235-7EE7-47F2-AA6D-73CBC3885ED6}.Release|Any CPU.Build.0 = Release|Any CPU
		{C199B050-4CC0-4B8B-B932-1AE6FFB0B98A}.Debug|Any CPU.ActiveCfg = Debug|Any CPU
		{C199B050-4CC0-4B8B-B932-1AE6FFB0B98A}.Debug|Any CPU.Build.0 = Debug|Any CPU
		{C199B050-4CC0-4B8B-B932-1AE6FFB0B98A}.Release|Any CPU.ActiveCfg = Release|Any CPU
		{C199B050-4CC0-4B8B-B932-1AE6FFB0B98A}.Release|Any CPU.Build.0 = Release|Any CPU
		{AE78AEC3-ED0C-4177-80D4-0C8E3A3080FA}.Debug|Any CPU.ActiveCfg = Debug|Any CPU
		{AE78AEC3-ED0C-4177-80D4-0C8E3A3080FA}.Debug|Any CPU.Build.0 = Debug|Any CPU
		{AE78AEC3-ED0C-4177-80D4-0C8E3A3080FA}.Release|Any CPU.ActiveCfg = Release|Any CPU
		{AE78AEC3-ED0C-4177-80D4-0C8E3A3080FA}.Release|Any CPU.Build.0 = Release|Any CPU
		{68CE55C8-ACDC-4837-9C75-FF997EFC51CC}.Debug|Any CPU.ActiveCfg = Debug|Any CPU
		{68CE55C8-ACDC-4837-9C75-FF997EFC51CC}.Debug|Any CPU.Build.0 = Debug|Any CPU
		{68CE55C8-ACDC-4837-9C75-FF997EFC51CC}.Release|Any CPU.ActiveCfg = Release|Any CPU
		{68CE55C8-ACDC-4837-9C75-FF997EFC51CC}.Release|Any CPU.Build.0 = Release|Any CPU
	EndGlobalSection
	GlobalSection(NestedProjects) = preSolution
		{0B6D5235-7EE7-47F2-AA6D-73CBC3885ED6} = {4BF99FAD-BE64-4873-A9C8-31B33187D639}
		{C199B050-4CC0-4B8B-B932-1AE6FFB0B98A} = {4BF99FAD-BE64-4873-A9C8-31B33187D639}
		{AE78AEC3-ED0C-4177-80D4-0C8E3A3080FA} = {04CD6467-F880-4F25-BE13-F12E615C5D44}
		{68CE55C8-ACDC-4837-9C75-FF997EFC51CC} = {21BEC5EA-D16B-465F-BFA9-4E133AC21430}
	EndGlobalSection
EndGlobal
